
Microsoft Visual Studio Solution File, Format Version 12.00
# Visual Studio Version 17
VisualStudioVersion = 17.14.36203.30 d17.14
MinimumVisualStudioVersion = 10.0.40219.1
Project("{FAE04EC0-301F-11D3-BF4B-00C04F79EFBC}") = "Visitor_Management", "Visitor_Management.csproj", "{0E297EA8-6D86-48C5-9AAB-3121ACBB45E5}"
EndProject
Global
	GlobalSection(SolutionConfigurationPlatforms) = preSolution
		Debug|Any CPU = Debug|Any CPU
		Release|Any CPU = Release|Any CPU
	EndGlobalSection
	GlobalSection(ProjectConfigurationPlatforms) = postSolution
		{0E297EA8-6D86-48C5-9AAB-3121ACBB45E5}.Debug|Any CPU.ActiveCfg = Debug|Any CPU
		{0E297EA8-6D86-48C5-9AAB-3121ACBB45E5}.Debug|Any CPU.Build.0 = Debug|Any CPU
		{0E297EA8-6D86-48C5-9AAB-3121ACBB45E5}.Release|Any CPU.ActiveCfg = Release|Any CPU
		{0E297EA8-6D86-48C5-9AAB-3121ACBB45E5}.Release|Any CPU.Build.0 = Release|Any CPU
	EndGlobalSection
	GlobalSection(SolutionProperties) = preSolution
		HideSolutionNode = FALSE
	EndGlobalSection
	GlobalSection(ExtensibilityGlobals) = postSolution
		SolutionGuid = {2D557E61-509A-43AA-A225-72C3396626D4}
	EndGlobalSection
EndGlobal
